
Microsoft Visual Studio Solution File, Format Version 12.00
# Visual Studio Version 17
VisualStudioVersion = 17.4.33103.184
MinimumVisualStudioVersion = 10.0.40219.1
Project("{FAE04EC0-301F-11D3-BF4B-00C04F79EFBC}") = "ProTiendaColegio", "ProTiendaColegio\ProTiendaColegio.csproj", "{70AEB935-1B64-44CA-A223-4B4735D5A332}"
EndProject
Global
	GlobalSection(SolutionConfigurationPlatforms) = preSolution
		Debug|Any CPU = Debug|Any CPU
		Release|Any CPU = Release|Any CPU
	EndGlobalSection
	GlobalSection(ProjectConfigurationPlatforms) = postSolution
		{70AEB935-1B64-44CA-A223-4B4735D5A332}.Debug|Any CPU.ActiveCfg = Debug|Any CPU
		{70AEB935-1B64-44CA-A223-4B4735D5A332}.Debug|Any CPU.Build.0 = Debug|Any CPU
		{70AEB935-1B64-44CA-A223-4B4735D5A332}.Release|Any CPU.ActiveCfg = Release|Any CPU
		{70AEB935-1B64-44CA-A223-4B4735D5A332}.Release|Any CPU.Build.0 = Release|Any CPU
	EndGlobalSection
	GlobalSection(SolutionProperties) = preSolution
		HideSolutionNode = FALSE
	EndGlobalSection
	GlobalSection(ExtensibilityGlobals) = postSolution
		SolutionGuid = {D7CF10C7-53BA-46B2-ADE7-F5563B31351F}
	EndGlobalSection
EndGlobal
